
Microsoft Visual Studio Solution File, Format Version 12.00
# Visual Studio Version 16
VisualStudioVersion = 16.0.29102.190
MinimumVisualStudioVersion = 10.0.40219.1
Project("{9A19103F-16F7-4668-BE54-9A1E7A4F7556}") = "Morestachio.MailProcessor.Framework", "Morestachio.MailProcessor.Framework\Morestachio.MailProcessor.Framework.csproj", "{0908A5EE-9121-4C3C-802B-61E75F239CD3}"
EndProject
Project("{FAE04EC0-301F-11D3-BF4B-00C04F79EFBC}") = "MorestachioMailProcessor", "MorestachioMailProcessor\MorestachioMailProcessor.csproj", "{75A62F39-ABDA-45C0-8916-CF2CEEABC4A6}"
EndProject
Global
	GlobalSection(SolutionConfigurationPlatforms) = preSolution
		Debug|Any CPU = Debug|Any CPU
		Release|Any CPU = Release|Any CPU
	EndGlobalSection
	GlobalSection(ProjectConfigurationPlatforms) = postSolution
		{0908A5EE-9121-4C3C-802B-61E75F239CD3}.Debug|Any CPU.ActiveCfg = Debug|Any CPU
		{0908A5EE-9121-4C3C-802B-61E75F239CD3}.Debug|Any CPU.Build.0 = Debug|Any CPU
		{0908A5EE-9121-4C3C-802B-61E75F239CD3}.Release|Any CPU.ActiveCfg = Release|Any CPU
		{0908A5EE-9121-4C3C-802B-61E75F239CD3}.Release|Any CPU.Build.0 = Release|Any CPU
		{75A62F39-ABDA-45C0-8916-CF2CEEABC4A6}.Debug|Any CPU.ActiveCfg = Debug|Any CPU
		{75A62F39-ABDA-45C0-8916-CF2CEEABC4A6}.Debug|Any CPU.Build.0 = Debug|Any CPU
		{75A62F39-ABDA-45C0-8916-CF2CEEABC4A6}.Release|Any CPU.ActiveCfg = Release|Any CPU
		{75A62F39-ABDA-45C0-8916-CF2CEEABC4A6}.Release|Any CPU.Build.0 = Release|Any CPU
	EndGlobalSection
	GlobalSection(SolutionProperties) = preSolution
		HideSolutionNode = FALSE
	EndGlobalSection
	GlobalSection(ExtensibilityGlobals) = postSolution
		SolutionGuid = {C2244DEC-28F4-4F09-A969-DB465BDCDCB3}
	EndGlobalSection
EndGlobal
